// !$*UTF8*$!
{
	archiveVersion = 1;
	classes = {
	};
	objectVersion = 46;
	objects = {

/* Begin PBXAggregateTarget section */
		364A5BF51B799D6E00C1CAE8 /* libBCApplePaySDK */ = {
			isa = PBXAggregateTarget;
			buildConfigurationList = 364A5BF61B799D6E00C1CAE8 /* Build configuration list for PBXAggregateTarget "libBCApplePaySDK" */;
			buildPhases = (
				364A5BF91B799D7200C1CAE8 /* ShellScript */,
			);
			dependencies = (
				364A5BFB1B79BB1300C1CAE8 /* PBXTargetDependency */,
			);
			name = libBCApplePaySDK;
			productName = libBCPaySDK;
		};
/* End PBXAggregateTarget section */

/* Begin PBXBuildFile section */
		360CF42B1D50C5DE00677C72 /* BCApplePay.h in Headers */ = {isa = PBXBuildFile; fileRef = 360CF3D41D50C5DE00677C72 /* BCApplePay.h */; };
		360CF42C1D50C5DE00677C72 /* BCApplePay.m in Sources */ = {isa = PBXBuildFile; fileRef = 360CF3D51D50C5DE00677C72 /* BCApplePay.m */; };
		360CF42D1D50C5DE00677C72 /* NSDictionaryUtils.h in Headers */ = {isa = PBXBuildFile; fileRef = 360CF3D71D50C5DE00677C72 /* NSDictionaryUtils.h */; };
		360CF42E1D50C5DE00677C72 /* UZAppDelegate.h in Headers */ = {isa = PBXBuildFile; fileRef = 360CF3D81D50C5DE00677C72 /* UZAppDelegate.h */; };
		360CF42F1D50C5DE00677C72 /* UZAppUtils.h in Headers */ = {isa = PBXBuildFile; fileRef = 360CF3D91D50C5DE00677C72 /* UZAppUtils.h */; };
		360CF4301D50C5DE00677C72 /* UZModule.h in Headers */ = {isa = PBXBuildFile; fileRef = 360CF3DA1D50C5DE00677C72 /* UZModule.h */; };
		360CF43E1D50C5DE00677C72 /* UPAPayPlugin.h in Headers */ = {isa = PBXBuildFile; fileRef = 360CF3F01D50C5DE00677C72 /* UPAPayPlugin.h */; };
		360CF43F1D50C5DE00677C72 /* UPAPayPluginDelegate.h in Headers */ = {isa = PBXBuildFile; fileRef = 360CF3F11D50C5DE00677C72 /* UPAPayPluginDelegate.h */; };
		360CF4501D50C5DE00677C72 /* BCAPHTTPSessionManager.h in Headers */ = {isa = PBXBuildFile; fileRef = 360CF40A1D50C5DE00677C72 /* BCAPHTTPSessionManager.h */; };
		360CF4511D50C5DE00677C72 /* BCAPHTTPSessionManager.m in Sources */ = {isa = PBXBuildFile; fileRef = 360CF40B1D50C5DE00677C72 /* BCAPHTTPSessionManager.m */; };
		360CF4521D50C5DE00677C72 /* BCAPNetworking.h in Headers */ = {isa = PBXBuildFile; fileRef = 360CF40C1D50C5DE00677C72 /* BCAPNetworking.h */; };
		360CF4531D50C5DE00677C72 /* BCAPNetworkReachabilityManager.h in Headers */ = {isa = PBXBuildFile; fileRef = 360CF40D1D50C5DE00677C72 /* BCAPNetworkReachabilityManager.h */; };
		360CF4541D50C5DE00677C72 /* BCAPNetworkReachabilityManager.m in Sources */ = {isa = PBXBuildFile; fileRef = 360CF40E1D50C5DE00677C72 /* BCAPNetworkReachabilityManager.m */; };
		360CF4551D50C5DE00677C72 /* BCAPSecurityPolicy.h in Headers */ = {isa = PBXBuildFile; fileRef = 360CF40F1D50C5DE00677C72 /* BCAPSecurityPolicy.h */; };
		360CF4561D50C5DE00677C72 /* BCAPSecurityPolicy.m in Sources */ = {isa = PBXBuildFile; fileRef = 360CF4101D50C5DE00677C72 /* BCAPSecurityPolicy.m */; };
		360CF4571D50C5DE00677C72 /* BCAPURLRequestSerialization.h in Headers */ = {isa = PBXBuildFile; fileRef = 360CF4111D50C5DE00677C72 /* BCAPURLRequestSerialization.h */; };
		360CF4581D50C5DE00677C72 /* BCAPURLRequestSerialization.m in Sources */ = {isa = PBXBuildFile; fileRef = 360CF4121D50C5DE00677C72 /* BCAPURLRequestSerialization.m */; };
		360CF4591D50C5DE00677C72 /* BCAPURLResponseSerialization.h in Headers */ = {isa = PBXBuildFile; fileRef = 360CF4131D50C5DE00677C72 /* BCAPURLResponseSerialization.h */; };
		360CF45A1D50C5DE00677C72 /* BCAPURLResponseSerialization.m in Sources */ = {isa = PBXBuildFile; fileRef = 360CF4141D50C5DE00677C72 /* BCAPURLResponseSerialization.m */; };
		360CF45B1D50C5DE00677C72 /* BCAPURLSessionManager.h in Headers */ = {isa = PBXBuildFile; fileRef = 360CF4151D50C5DE00677C72 /* BCAPURLSessionManager.h */; };
		360CF45C1D50C5DE00677C72 /* BCAPURLSessionManager.m in Sources */ = {isa = PBXBuildFile; fileRef = 360CF4161D50C5DE00677C72 /* BCAPURLSessionManager.m */; };
		360CF45D1D50C5DE00677C72 /* BCApplePayCache.h in Headers */ = {isa = PBXBuildFile; fileRef = 360CF4171D50C5DE00677C72 /* BCApplePayCache.h */; };
		360CF45E1D50C5DE00677C72 /* BCApplePayCache.m in Sources */ = {isa = PBXBuildFile; fileRef = 360CF4181D50C5DE00677C72 /* BCApplePayCache.m */; };
		360CF45F1D50C5DE00677C72 /* BCApplePayConstant.h in Headers */ = {isa = PBXBuildFile; fileRef = 360CF4191D50C5DE00677C72 /* BCApplePayConstant.h */; };
		360CF4611D50C5DE00677C72 /* BCUtil.h in Headers */ = {isa = PBXBuildFile; fileRef = 360CF41B1D50C5DE00677C72 /* BCUtil.h */; };
		360CF4621D50C5DE00677C72 /* BCUtil.m in Sources */ = {isa = PBXBuildFile; fileRef = 360CF41C1D50C5DE00677C72 /* BCUtil.m */; };
		360CF4631D50C5DE00677C72 /* NSString+IsValid.h in Headers */ = {isa = PBXBuildFile; fileRef = 360CF41D1D50C5DE00677C72 /* NSString+IsValid.h */; };
		360CF4641D50C5DE00677C72 /* NSString+IsValid.m in Sources */ = {isa = PBXBuildFile; fileRef = 360CF41E1D50C5DE00677C72 /* NSString+IsValid.m */; };
		360CF46C1D50C5DE00677C72 /* BCApplePayUtil.h in Headers */ = {isa = PBXBuildFile; fileRef = 360CF4291D50C5DE00677C72 /* BCApplePayUtil.h */; };
		360CF46D1D50C5DE00677C72 /* BCApplePayUtil.m in Sources */ = {isa = PBXBuildFile; fileRef = 360CF42A1D50C5DE00677C72 /* BCApplePayUtil.m */; };
		360F49301D532AAE00268F21 /* BCApplePayReq.h in Headers */ = {isa = PBXBuildFile; fileRef = 360F492E1D532AAE00268F21 /* BCApplePayReq.h */; };
		360F49311D532AAE00268F21 /* BCApplePayReq.m in Sources */ = {isa = PBXBuildFile; fileRef = 360F492F1D532AAE00268F21 /* BCApplePayReq.m */; };
		368D38F61D225B5900929E5E /* PassKit.framework in Frameworks */ = {isa = PBXBuildFile; fileRef = 368D38F51D225B5900929E5E /* PassKit.framework */; };
/* End PBXBuildFile section */

/* Begin PBXContainerItemProxy section */
		364A5BFA1B79BB1300C1CAE8 /* PBXContainerItemProxy */ = {
			isa = PBXContainerItemProxy;
			containerPortal = 364BC4CC1B5502C700EAFCCE /* Project object */;
			proxyType = 1;
			remoteGlobalIDString = 364BC4D31B5502C700EAFCCE;
			remoteInfo = BCPaySDK;
		};
/* End PBXContainerItemProxy section */

/* Begin PBXCopyFilesBuildPhase section */
		364BC4D21B5502C700EAFCCE /* CopyFiles */ = {
			isa = PBXCopyFilesBuildPhase;
			buildActionMask = 2147483647;
			dstPath = "include/$(PRODUCT_NAME)";
			dstSubfolderSpec = 16;
			files = (
			);
			runOnlyForDeploymentPostprocessing = 0;
		};
/* End PBXCopyFilesBuildPhase section */

/* Begin PBXFileReference section */
		360CF3D41D50C5DE00677C72 /* BCApplePay.h */ = {isa = PBXFileReference; fileEncoding = 4; lastKnownFileType = sourcecode.c.h; path = BCApplePay.h; sourceTree = "<group>"; };
		360CF3D51D50C5DE00677C72 /* BCApplePay.m */ = {isa = PBXFileReference; fileEncoding = 4; lastKnownFileType = sourcecode.c.objc; path = BCApplePay.m; sourceTree = "<group>"; };
		360CF3D71D50C5DE00677C72 /* NSDictionaryUtils.h */ = {isa = PBXFileReference; fileEncoding = 4; lastKnownFileType = sourcecode.c.h; path = NSDictionaryUtils.h; sourceTree = "<group>"; };
		360CF3D81D50C5DE00677C72 /* UZAppDelegate.h */ = {isa = PBXFileReference; fileEncoding = 4; lastKnownFileType = sourcecode.c.h; path = UZAppDelegate.h; sourceTree = "<group>"; };
		360CF3D91D50C5DE00677C72 /* UZAppUtils.h */ = {isa = PBXFileReference; fileEncoding = 4; lastKnownFileType = sourcecode.c.h; path = UZAppUtils.h; sourceTree = "<group>"; };
		360CF3DA1D50C5DE00677C72 /* UZModule.h */ = {isa = PBXFileReference; fileEncoding = 4; lastKnownFileType = sourcecode.c.h; path = UZModule.h; sourceTree = "<group>"; };
		360CF3F01D50C5DE00677C72 /* UPAPayPlugin.h */ = {isa = PBXFileReference; fileEncoding = 4; lastKnownFileType = sourcecode.c.h; path = UPAPayPlugin.h; sourceTree = "<group>"; };
		360CF3F11D50C5DE00677C72 /* UPAPayPluginDelegate.h */ = {isa = PBXFileReference; fileEncoding = 4; lastKnownFileType = sourcecode.c.h; path = UPAPayPluginDelegate.h; sourceTree = "<group>"; };
		360CF4071D50C5DE00677C72 /* Info.plist */ = {isa = PBXFileReference; fileEncoding = 4; lastKnownFileType = text.plist.xml; path = Info.plist; sourceTree = "<group>"; };
		360CF40A1D50C5DE00677C72 /* BCAPHTTPSessionManager.h */ = {isa = PBXFileReference; fileEncoding = 4; lastKnownFileType = sourcecode.c.h; path = BCAPHTTPSessionManager.h; sourceTree = "<group>"; };
		360CF40B1D50C5DE00677C72 /* BCAPHTTPSessionManager.m */ = {isa = PBXFileReference; fileEncoding = 4; lastKnownFileType = sourcecode.c.objc; path = BCAPHTTPSessionManager.m; sourceTree = "<group>"; };
		360CF40C1D50C5DE00677C72 /* BCAPNetworking.h */ = {isa = PBXFileReference; fileEncoding = 4; lastKnownFileType = sourcecode.c.h; path = BCAPNetworking.h; sourceTree = "<group>"; };
		360CF40D1D50C5DE00677C72 /* BCAPNetworkReachabilityManager.h */ = {isa = PBXFileReference; fileEncoding = 4; lastKnownFileType = sourcecode.c.h; path = BCAPNetworkReachabilityManager.h; sourceTree = "<group>"; };
		360CF40E1D50C5DE00677C72 /* BCAPNetworkReachabilityManager.m */ = {isa = PBXFileReference; fileEncoding = 4; lastKnownFileType = sourcecode.c.objc; path = BCAPNetworkReachabilityManager.m; sourceTree = "<group>"; };
		360CF40F1D50C5DE00677C72 /* BCAPSecurityPolicy.h */ = {isa = PBXFileReference; fileEncoding = 4; lastKnownFileType = sourcecode.c.h; path = BCAPSecurityPolicy.h; sourceTree = "<group>"; };
		360CF4101D50C5DE00677C72 /* BCAPSecurityPolicy.m */ = {isa = PBXFileReference; fileEncoding = 4; lastKnownFileType = sourcecode.c.objc; path = BCAPSecurityPolicy.m; sourceTree = "<group>"; };
		360CF4111D50C5DE00677C72 /* BCAPURLRequestSerialization.h */ = {isa = PBXFileReference; fileEncoding = 4; lastKnownFileType = sourcecode.c.h; path = BCAPURLRequestSerialization.h; sourceTree = "<group>"; };
		360CF4121D50C5DE00677C72 /* BCAPURLRequestSerialization.m */ = {isa = PBXFileReference; fileEncoding = 4; lastKnownFileType = sourcecode.c.objc; path = BCAPURLRequestSerialization.m; sourceTree = "<group>"; };
		360CF4131D50C5DE00677C72 /* BCAPURLResponseSerialization.h */ = {isa = PBXFileReference; fileEncoding = 4; lastKnownFileType = sourcecode.c.h; path = BCAPURLResponseSerialization.h; sourceTree = "<group>"; };
		360CF4141D50C5DE00677C72 /* BCAPURLResponseSerialization.m */ = {isa = PBXFileReference; fileEncoding = 4; lastKnownFileType = sourcecode.c.objc; path = BCAPURLResponseSerialization.m; sourceTree = "<group>"; };
		360CF4151D50C5DE00677C72 /* BCAPURLSessionManager.h */ = {isa = PBXFileReference; fileEncoding = 4; lastKnownFileType = sourcecode.c.h; path = BCAPURLSessionManager.h; sourceTree = "<group>"; };
		360CF4161D50C5DE00677C72 /* BCAPURLSessionManager.m */ = {isa = PBXFileReference; fileEncoding = 4; lastKnownFileType = sourcecode.c.objc; path = BCAPURLSessionManager.m; sourceTree = "<group>"; };
		360CF4171D50C5DE00677C72 /* BCApplePayCache.h */ = {isa = PBXFileReference; fileEncoding = 4; lastKnownFileType = sourcecode.c.h; path = BCApplePayCache.h; sourceTree = "<group>"; };
		360CF4181D50C5DE00677C72 /* BCApplePayCache.m */ = {isa = PBXFileReference; fileEncoding = 4; lastKnownFileType = sourcecode.c.objc; path = BCApplePayCache.m; sourceTree = "<group>"; };
		360CF4191D50C5DE00677C72 /* BCApplePayConstant.h */ = {isa = PBXFileReference; fileEncoding = 4; lastKnownFileType = sourcecode.c.h; path = BCApplePayConstant.h; sourceTree = "<group>"; };
		360CF41B1D50C5DE00677C72 /* BCUtil.h */ = {isa = PBXFileReference; fileEncoding = 4; lastKnownFileType = sourcecode.c.h; path = BCUtil.h; sourceTree = "<group>"; };
		360CF41C1D50C5DE00677C72 /* BCUtil.m */ = {isa = PBXFileReference; fileEncoding = 4; lastKnownFileType = sourcecode.c.objc; path = BCUtil.m; sourceTree = "<group>"; };
		360CF41D1D50C5DE00677C72 /* NSString+IsValid.h */ = {isa = PBXFileReference; fileEncoding = 4; lastKnownFileType = sourcecode.c.h; path = "NSString+IsValid.h"; sourceTree = "<group>"; };
		360CF41E1D50C5DE00677C72 /* NSString+IsValid.m */ = {isa = PBXFileReference; fileEncoding = 4; lastKnownFileType = sourcecode.c.objc; path = "NSString+IsValid.m"; sourceTree = "<group>"; };
		360CF4291D50C5DE00677C72 /* BCApplePayUtil.h */ = {isa = PBXFileReference; fileEncoding = 4; lastKnownFileType = sourcecode.c.h; path = BCApplePayUtil.h; sourceTree = "<group>"; };
		360CF42A1D50C5DE00677C72 /* BCApplePayUtil.m */ = {isa = PBXFileReference; fileEncoding = 4; lastKnownFileType = sourcecode.c.objc; path = BCApplePayUtil.m; sourceTree = "<group>"; };
		360F492E1D532AAE00268F21 /* BCApplePayReq.h */ = {isa = PBXFileReference; fileEncoding = 4; lastKnownFileType = sourcecode.c.h; path = BCApplePayReq.h; sourceTree = "<group>"; };
		360F492F1D532AAE00268F21 /* BCApplePayReq.m */ = {isa = PBXFileReference; fileEncoding = 4; lastKnownFileType = sourcecode.c.objc; path = BCApplePayReq.m; sourceTree = "<group>"; };
		364BC4D41B5502C700EAFCCE /* libBCApplePay.a */ = {isa = PBXFileReference; explicitFileType = archive.ar; includeInIndex = 0; path = libBCApplePay.a; sourceTree = BUILT_PRODUCTS_DIR; };
		368D38F51D225B5900929E5E /* PassKit.framework */ = {isa = PBXFileReference; lastKnownFileType = wrapper.framework; name = PassKit.framework; path = System/Library/Frameworks/PassKit.framework; sourceTree = SDKROOT; };
/* End PBXFileReference section */

/* Begin PBXFrameworksBuildPhase section */
		364BC4D11B5502C700EAFCCE /* Frameworks */ = {
			isa = PBXFrameworksBuildPhase;
			buildActionMask = 2147483647;
			files = (
				368D38F61D225B5900929E5E /* PassKit.framework in Frameworks */,
			);
			runOnlyForDeploymentPostprocessing = 0;
		};
/* End PBXFrameworksBuildPhase section */

/* Begin PBXGroup section */
		360CF3D21D50C5DE00677C72 /* BCApplePaySDK */ = {
			isa = PBXGroup;
			children = (
				360CF3D31D50C5DE00677C72 /* APICloud */,
				360CF3E61D50C5DE00677C72 /* External */,
				360CF4071D50C5DE00677C72 /* Info.plist */,
				360CF4081D50C5DE00677C72 /* Internal */,
				360CF4281D50C5DE00677C72 /* Public */,
			);
			path = BCApplePaySDK;
			sourceTree = "<group>";
		};
		360CF3D31D50C5DE00677C72 /* APICloud */ = {
			isa = PBXGroup;
			children = (
				360CF3D41D50C5DE00677C72 /* BCApplePay.h */,
				360CF3D51D50C5DE00677C72 /* BCApplePay.m */,
				360CF3D61D50C5DE00677C72 /* UZEngine */,
			);
			path = APICloud;
			sourceTree = "<group>";
		};
		360CF3D61D50C5DE00677C72 /* UZEngine */ = {
			isa = PBXGroup;
			children = (
				360CF3D71D50C5DE00677C72 /* NSDictionaryUtils.h */,
				360CF3D81D50C5DE00677C72 /* UZAppDelegate.h */,
				360CF3D91D50C5DE00677C72 /* UZAppUtils.h */,
				360CF3DA1D50C5DE00677C72 /* UZModule.h */,
			);
			path = UZEngine;
			sourceTree = "<group>";
		};
		360CF3E61D50C5DE00677C72 /* External */ = {
			isa = PBXGroup;
			children = (
				360CF3EC1D50C5DE00677C72 /* ApplePay */,
			);
			path = External;
			sourceTree = "<group>";
		};
		360CF3EC1D50C5DE00677C72 /* ApplePay */ = {
			isa = PBXGroup;
			children = (
				360CF3F01D50C5DE00677C72 /* UPAPayPlugin.h */,
				360CF3F11D50C5DE00677C72 /* UPAPayPluginDelegate.h */,
			);
			path = ApplePay;
			sourceTree = "<group>";
		};
		360CF4081D50C5DE00677C72 /* Internal */ = {
			isa = PBXGroup;
			children = (
				360CF4091D50C5DE00677C72 /* BCNetworking */,
				360CF4171D50C5DE00677C72 /* BCApplePayCache.h */,
				360CF4181D50C5DE00677C72 /* BCApplePayCache.m */,
				360CF4191D50C5DE00677C72 /* BCApplePayConstant.h */,
				360CF41B1D50C5DE00677C72 /* BCUtil.h */,
				360CF41C1D50C5DE00677C72 /* BCUtil.m */,
				360CF41D1D50C5DE00677C72 /* NSString+IsValid.h */,
				360CF41E1D50C5DE00677C72 /* NSString+IsValid.m */,
			);
			path = Internal;
			sourceTree = "<group>";
		};
		360CF4091D50C5DE00677C72 /* BCNetworking */ = {
			isa = PBXGroup;
			children = (
				360CF40A1D50C5DE00677C72 /* BCAPHTTPSessionManager.h */,
				360CF40B1D50C5DE00677C72 /* BCAPHTTPSessionManager.m */,
				360CF40C1D50C5DE00677C72 /* BCAPNetworking.h */,
				360CF40D1D50C5DE00677C72 /* BCAPNetworkReachabilityManager.h */,
				360CF40E1D50C5DE00677C72 /* BCAPNetworkReachabilityManager.m */,
				360CF40F1D50C5DE00677C72 /* BCAPSecurityPolicy.h */,
				360CF4101D50C5DE00677C72 /* BCAPSecurityPolicy.m */,
				360CF4111D50C5DE00677C72 /* BCAPURLRequestSerialization.h */,
				360CF4121D50C5DE00677C72 /* BCAPURLRequestSerialization.m */,
				360CF4131D50C5DE00677C72 /* BCAPURLResponseSerialization.h */,
				360CF4141D50C5DE00677C72 /* BCAPURLResponseSerialization.m */,
				360CF4151D50C5DE00677C72 /* BCAPURLSessionManager.h */,
				360CF4161D50C5DE00677C72 /* BCAPURLSessionManager.m */,
			);
			path = BCNetworking;
			sourceTree = "<group>";
		};
		360CF4281D50C5DE00677C72 /* Public */ = {
			isa = PBXGroup;
			children = (
				360F492E1D532AAE00268F21 /* BCApplePayReq.h */,
				360F492F1D532AAE00268F21 /* BCApplePayReq.m */,
				360CF4291D50C5DE00677C72 /* BCApplePayUtil.h */,
				360CF42A1D50C5DE00677C72 /* BCApplePayUtil.m */,
			);
			path = Public;
			sourceTree = "<group>";
		};
		364BC4CB1B5502C700EAFCCE = {
			isa = PBXGroup;
			children = (
				360CF3D21D50C5DE00677C72 /* BCApplePaySDK */,
				368D38F51D225B5900929E5E /* PassKit.framework */,
				364BC4D51B5502C700EAFCCE /* Products */,
			);
			sourceTree = "<group>";
		};
		364BC4D51B5502C700EAFCCE /* Products */ = {
			isa = PBXGroup;
			children = (
				364BC4D41B5502C700EAFCCE /* libBCApplePay.a */,
			);
			name = Products;
			sourceTree = "<group>";
		};
/* End PBXGroup section */

/* Begin PBXHeadersBuildPhase section */
		364BC54C1B55098200EAFCCE /* Headers */ = {
			isa = PBXHeadersBuildPhase;
			buildActionMask = 2147483647;
			files = (
				360CF42B1D50C5DE00677C72 /* BCApplePay.h in Headers */,
				360CF43E1D50C5DE00677C72 /* UPAPayPlugin.h in Headers */,
				360CF4591D50C5DE00677C72 /* BCAPURLResponseSerialization.h in Headers */,
				360CF45B1D50C5DE00677C72 /* BCAPURLSessionManager.h in Headers */,
				360F49301D532AAE00268F21 /* BCApplePayReq.h in Headers */,
				360CF45D1D50C5DE00677C72 /* BCApplePayCache.h in Headers */,
				360CF42E1D50C5DE00677C72 /* UZAppDelegate.h in Headers */,
				360CF4521D50C5DE00677C72 /* BCAPNetworking.h in Headers */,
				360CF4551D50C5DE00677C72 /* BCAPSecurityPolicy.h in Headers */,
				360CF46C1D50C5DE00677C72 /* BCApplePayUtil.h in Headers */,
				360CF45F1D50C5DE00677C72 /* BCApplePayConstant.h in Headers */,
				360CF43F1D50C5DE00677C72 /* UPAPayPluginDelegate.h in Headers */,
				360CF4571D50C5DE00677C72 /* BCAPURLRequestSerialization.h in Headers */,
				360CF4501D50C5DE00677C72 /* BCAPHTTPSessionManager.h in Headers */,
				360CF42D1D50C5DE00677C72 /* NSDictionaryUtils.h in Headers */,
				360CF4531D50C5DE00677C72 /* BCAPNetworkReachabilityManager.h in Headers */,
				360CF42F1D50C5DE00677C72 /* UZAppUtils.h in Headers */,
				360CF4631D50C5DE00677C72 /* NSString+IsValid.h in Headers */,
				360CF4301D50C5DE00677C72 /* UZModule.h in Headers */,
				360CF4611D50C5DE00677C72 /* BCUtil.h in Headers */,
			);
			runOnlyForDeploymentPostprocessing = 0;
		};
/* End PBXHeadersBuildPhase section */

/* Begin PBXNativeTarget section */
		364BC4D31B5502C700EAFCCE /* BCApplePaySDK */ = {
			isa = PBXNativeTarget;
			buildConfigurationList = 364BC4E81B5502C700EAFCCE /* Build configuration list for PBXNativeTarget "BCApplePaySDK" */;
			buildPhases = (
				364BC4D01B5502C700EAFCCE /* Sources */,
				364BC4D11B5502C700EAFCCE /* Frameworks */,
				364BC4D21B5502C700EAFCCE /* CopyFiles */,
				364BC54C1B55098200EAFCCE /* Headers */,
			);
			buildRules = (
			);
			dependencies = (
			);
			name = BCApplePaySDK;
			productName = BCPaySDK;
			productReference = 364BC4D41B5502C700EAFCCE /* libBCApplePay.a */;
			productType = "com.apple.product-type.library.static";
		};
/* End PBXNativeTarget section */

/* Begin PBXProject section */
		364BC4CC1B5502C700EAFCCE /* Project object */ = {
			isa = PBXProject;
			attributes = {
				LastUpgradeCheck = 0730;
				ORGANIZATIONNAME = BeeCloud;
				TargetAttributes = {
					364A5BF51B799D6E00C1CAE8 = {
						CreatedOnToolsVersion = 6.4;
					};
					364BC4D31B5502C700EAFCCE = {
						CreatedOnToolsVersion = 6.4;
					};
				};
			};
			buildConfigurationList = 364BC4CF1B5502C700EAFCCE /* Build configuration list for PBXProject "BCApplePaySDK" */;
			compatibilityVersion = "Xcode 3.2";
			developmentRegion = English;
			hasScannedForEncodings = 0;
			knownRegions = (
				en,
			);
			mainGroup = 364BC4CB1B5502C700EAFCCE;
			productRefGroup = 364BC4D51B5502C700EAFCCE /* Products */;
			projectDirPath = "";
			projectRoot = "";
			targets = (
				364BC4D31B5502C700EAFCCE /* BCApplePaySDK */,
				364A5BF51B799D6E00C1CAE8 /* libBCApplePaySDK */,
			);
		};
/* End PBXProject section */

/* Begin PBXShellScriptBuildPhase section */
		364A5BF91B799D7200C1CAE8 /* ShellScript */ = {
			isa = PBXShellScriptBuildPhase;
			buildActionMask = 2147483647;
			files = (
			);
			inputPaths = (
			);
			outputPaths = (
			);
			runOnlyForDeploymentPostprocessing = 0;
			shellPath = /bin/sh;
			shellScript = "\nLIB_NAME=\"libBCApplePay.a\"\n# Install dir will be the final output to the framework.\n# The following line create it in the root folder of the current project.\nINSTALL_DIR=${SRCROOT}/Products/${PROJECT_NAME}\n# Working dir will be deleted after the framework creation.\nWRK_DIR=${SRCROOT}/build\nDEVICE_DIR=${WRK_DIR}/Release-iphoneos\nSIMULATOR_DIR=${WRK_DIR}/Release-iphonesimulator\n# -configuration ${CONFIGURATION}\n# Clean and Building both architectures.\nxcodebuild -configuration \"Release\" -target \"${PROJECT_NAME}\" -sdk iphoneos clean build\nxcodebuild -configuration \"Release\" -target \"${PROJECT_NAME}\" -sdk iphonesimulator clean build\n\n# Cleaning the oldest.\nif [ -d \"${INSTALL_DIR}\" ]\nthen\nrm -rf \"${INSTALL_DIR}\"\nfi\nmkdir -p \"${INSTALL_DIR}\"\n\n# Uses the Lipo Tool to merge both binary files (i386 + armv6/armv7) into one Universal final product.\nlipo -create \"${DEVICE_DIR}/${LIB_NAME}\" \"${SIMULATOR_DIR}/${LIB_NAME}\" -output \"${INSTALL_DIR}/${LIB_NAME}\"\n\nrm -r \"${WRK_DIR}\"\n\nopen \"${INSTALL_DIR}\"";
		};
/* End PBXShellScriptBuildPhase section */

/* Begin PBXSourcesBuildPhase section */
		364BC4D01B5502C700EAFCCE /* Sources */ = {
			isa = PBXSourcesBuildPhase;
			buildActionMask = 2147483647;
			files = (
				360CF45A1D50C5DE00677C72 /* BCAPURLResponseSerialization.m in Sources */,
				360CF45C1D50C5DE00677C72 /* BCAPURLSessionManager.m in Sources */,
				360CF46D1D50C5DE00677C72 /* BCApplePayUtil.m in Sources */,
				360CF42C1D50C5DE00677C72 /* BCApplePay.m in Sources */,
				360CF4621D50C5DE00677C72 /* BCUtil.m in Sources */,
				360CF4581D50C5DE00677C72 /* BCAPURLRequestSerialization.m in Sources */,
				360CF4561D50C5DE00677C72 /* BCAPSecurityPolicy.m in Sources */,
				360CF45E1D50C5DE00677C72 /* BCApplePayCache.m in Sources */,
				360CF4641D50C5DE00677C72 /* NSString+IsValid.m in Sources */,
				360CF4541D50C5DE00677C72 /* BCAPNetworkReachabilityManager.m in Sources */,
				360CF4511D50C5DE00677C72 /* BCAPHTTPSessionManager.m in Sources */,
				360F49311D532AAE00268F21 /* BCApplePayReq.m in Sources */,
			);
			runOnlyForDeploymentPostprocessing = 0;
		};
/* End PBXSourcesBuildPhase section */

/* Begin PBXTargetDependency section */
		364A5BFB1B79BB1300C1CAE8 /* PBXTargetDependency */ = {
			isa = PBXTargetDependency;
			target = 364BC4D31B5502C700EAFCCE /* BCApplePaySDK */;
			targetProxy = 364A5BFA1B79BB1300C1CAE8 /* PBXContainerItemProxy */;
		};
/* End PBXTargetDependency section */

/* Begin XCBuildConfiguration section */
		364A5BF71B799D6E00C1CAE8 /* Debug */ = {
			isa = XCBuildConfiguration;
			buildSettings = {
				PRODUCT_NAME = libBCApplePay;
			};
			name = Debug;
		};
		364A5BF81B799D6E00C1CAE8 /* Release */ = {
			isa = XCBuildConfiguration;
			buildSettings = {
				PRODUCT_NAME = libBCApplePay;
			};
			name = Release;
		};
		364BC4E61B5502C700EAFCCE /* Debug */ = {
			isa = XCBuildConfiguration;
			buildSettings = {
				ALWAYS_SEARCH_USER_PATHS = NO;
				CLANG_CXX_LANGUAGE_STANDARD = "gnu++0x";
				CLANG_CXX_LIBRARY = "libc++";
				CLANG_ENABLE_MODULES = YES;
				CLANG_ENABLE_OBJC_ARC = YES;
				CLANG_WARN_BOOL_CONVERSION = YES;
				CLANG_WARN_CONSTANT_CONVERSION = YES;
				CLANG_WARN_DIRECT_OBJC_ISA_USAGE = YES_ERROR;
				CLANG_WARN_EMPTY_BODY = YES;
				CLANG_WARN_ENUM_CONVERSION = YES;
				CLANG_WARN_INT_CONVERSION = YES;
				CLANG_WARN_OBJC_ROOT_CLASS = YES_ERROR;
				CLANG_WARN_UNREACHABLE_CODE = YES;
				CLANG_WARN__DUPLICATE_METHOD_MATCH = YES;
				COPY_PHASE_STRIP = NO;
				DEBUG_INFORMATION_FORMAT = "dwarf-with-dsym";
				ENABLE_STRICT_OBJC_MSGSEND = YES;
				ENABLE_TESTABILITY = YES;
				GCC_C_LANGUAGE_STANDARD = gnu99;
				GCC_DYNAMIC_NO_PIC = NO;
				GCC_NO_COMMON_BLOCKS = YES;
				GCC_OPTIMIZATION_LEVEL = 0;
				GCC_PREPROCESSOR_DEFINITIONS = (
					"DEBUG=1",
					"$(inherited)",
				);
				GCC_SYMBOLS_PRIVATE_EXTERN = NO;
				GCC_WARN_64_TO_32_BIT_CONVERSION = YES;
				GCC_WARN_ABOUT_RETURN_TYPE = YES_ERROR;
				GCC_WARN_UNDECLARED_SELECTOR = YES;
				GCC_WARN_UNINITIALIZED_AUTOS = YES_AGGRESSIVE;
				GCC_WARN_UNUSED_FUNCTION = YES;
				GCC_WARN_UNUSED_VARIABLE = YES;
				IPHONEOS_DEPLOYMENT_TARGET = 7.0;
				MTL_ENABLE_DEBUG_INFO = YES;
				ONLY_ACTIVE_ARCH = YES;
				SDKROOT = iphoneos;
			};
			name = Debug;
		};
		364BC4E71B5502C700EAFCCE /* Release */ = {
			isa = XCBuildConfiguration;
			buildSettings = {
				ALWAYS_SEARCH_USER_PATHS = NO;
				CLANG_CXX_LANGUAGE_STANDARD = "gnu++0x";
				CLANG_CXX_LIBRARY = "libc++";
				CLANG_ENABLE_MODULES = YES;
				CLANG_ENABLE_OBJC_ARC = YES;
				CLANG_WARN_BOOL_CONVERSION = YES;
				CLANG_WARN_CONSTANT_CONVERSION = YES;
				CLANG_WARN_DIRECT_OBJC_ISA_USAGE = YES_ERROR;
				CLANG_WARN_EMPTY_BODY = YES;
				CLANG_WARN_ENUM_CONVERSION = YES;
				CLANG_WARN_INT_CONVERSION = YES;
				CLANG_WARN_OBJC_ROOT_CLASS = YES_ERROR;
				CLANG_WARN_UNREACHABLE_CODE = YES;
				CLANG_WARN__DUPLICATE_METHOD_MATCH = YES;
				COPY_PHASE_STRIP = NO;
				DEBUG_INFORMATION_FORMAT = "dwarf-with-dsym";
				ENABLE_NS_ASSERTIONS = NO;
				ENABLE_STRICT_OBJC_MSGSEND = YES;
				GCC_C_LANGUAGE_STANDARD = gnu99;
				GCC_NO_COMMON_BLOCKS = YES;
				GCC_WARN_64_TO_32_BIT_CONVERSION = YES;
				GCC_WARN_ABOUT_RETURN_TYPE = YES_ERROR;
				GCC_WARN_UNDECLARED_SELECTOR = YES;
				GCC_WARN_UNINITIALIZED_AUTOS = YES_AGGRESSIVE;
				GCC_WARN_UNUSED_FUNCTION = YES;
				GCC_WARN_UNUSED_VARIABLE = YES;
				IPHONEOS_DEPLOYMENT_TARGET = 7.0;
				MTL_ENABLE_DEBUG_INFO = NO;
				SDKROOT = iphoneos;
				VALIDATE_PRODUCT = YES;
			};
			name = Release;
		};
		364BC4E91B5502C700EAFCCE /* Debug */ = {
			isa = XCBuildConfiguration;
			buildSettings = {
				FRAMEWORK_SEARCH_PATHS = (
					"$(inherited)",
					"$(PROJECT_DIR)/External/BeeCloudSDK",
					"$(PROJECT_DIR)/BCPaySDK/External/AliPay",
					"$(PROJECT_DIR)/BCApplePaySDK/External/AliPay",
				);
				GCC_PRECOMPILE_PREFIX_HEADER = YES;
				GCC_PREFIX_HEADER = "";
				LIBRARY_SEARCH_PATHS = (
					"$(inherited)",
					"$(PROJECT_DIR)/External/UnionPaySDK",
					"$(PROJECT_DIR)/External/WeChatSDK",
				);
				OTHER_LDFLAGS = "-ObjC";
				PRODUCT_NAME = BCApplePay;
				SKIP_INSTALL = YES;
			};
			name = Debug;
		};
		364BC4EA1B5502C700EAFCCE /* Release */ = {
			isa = XCBuildConfiguration;
			buildSettings = {
				FRAMEWORK_SEARCH_PATHS = (
					"$(inherited)",
					"$(PROJECT_DIR)/External/BeeCloudSDK",
					"$(PROJECT_DIR)/BCPaySDK/External/AliPay",
					"$(PROJECT_DIR)/BCApplePaySDK/External/AliPay",
				);
				GCC_PRECOMPILE_PREFIX_HEADER = YES;
				GCC_PREFIX_HEADER = "";
				LIBRARY_SEARCH_PATHS = (
					"$(inherited)",
					"$(PROJECT_DIR)/External/UnionPaySDK",
					"$(PROJECT_DIR)/External/WeChatSDK",
				);
				OTHER_LDFLAGS = "-ObjC";
				PRODUCT_NAME = BCApplePay;
				SKIP_INSTALL = YES;
			};
			name = Release;
		};
/* End XCBuildConfiguration section */

/* Begin XCConfigurationList section */
		364A5BF61B799D6E00C1CAE8 /* Build configuration list for PBXAggregateTarget "libBCApplePaySDK" */ = {
			isa = XCConfigurationList;
			buildConfigurations = (
				364A5BF71B799D6E00C1CAE8 /* Debug */,
				364A5BF81B799D6E00C1CAE8 /* Release */,
			);
			defaultConfigurationIsVisible = 0;
			defaultConfigurationName = Release;
		};
		364BC4CF1B5502C700EAFCCE /* Build configuration list for PBXProject "BCApplePaySDK" */ = {
			isa = XCConfigurationList;
			buildConfigurations = (
				364BC4E61B5502C700EAFCCE /* Debug */,
				364BC4E71B5502C700EAFCCE /* Release */,
			);
			defaultConfigurationIsVisible = 0;
			defaultConfigurationName = Release;
		};
		364BC4E81B5502C700EAFCCE /* Build configuration list for PBXNativeTarget "BCApplePaySDK" */ = {
			isa = XCConfigurationList;
			buildConfigurations = (
				364BC4E91B5502C700EAFCCE /* Debug */,
				364BC4EA1B5502C700EAFCCE /* Release */,
			);
			defaultConfigurationIsVisible = 0;
			defaultConfigurationName = Release;
		};
/* End XCConfigurationList section */
	};
	rootObject = 364BC4CC1B5502C700EAFCCE /* Project object */;
}
